
Microsoft Visual Studio Solution File, Format Version 12.00
# Visual Studio 14
VisualStudioVersion = 14.0.25420.1
MinimumVisualStudioVersion = 10.0.40219.1
Project("{8BC9CEB8-8B4A-11D0-8D11-00A0C91BC942}") = "A1Parent", "Assignment1\Assignment1.vcxproj", "{AF6CAA8F-29BE-4ABB-AF3A-400D4E8B48A1}"
EndProject
Project("{8BC9CEB8-8B4A-11D0-8D11-00A0C91BC942}") = "GSCChild", "GSCChild\GSCChild.vcxproj", "{6A7EA223-DD6B-4E28-A426-1E5934FE8B15}"
EndProject
Project("{8BC9CEB8-8B4A-11D0-8D11-00A0C91BC942}") = "PumpProcess", "PumpProcess\PumpProcess.vcxproj", "{3157D66E-3517-4535-BEFB-EFE5535137FB}"
EndProject
Global
	GlobalSection(SolutionConfigurationPlatforms) = preSolution
		Debug|x64 = Debug|x64
		Debug|x86 = Debug|x86
		Release|x64 = Release|x64
		Release|x86 = Release|x86
	EndGlobalSection
	GlobalSection(ProjectConfigurationPlatforms) = postSolution
		{AF6CAA8F-29BE-4ABB-AF3A-400D4E8B48A1}.Debug|x64.ActiveCfg = Debug|x64
		{AF6CAA8F-29BE-4ABB-AF3A-400D4E8B48A1}.Debug|x64.Build.0 = Debug|x64
		{AF6CAA8F-29BE-4ABB-AF3A-400D4E8B48A1}.Debug|x86.ActiveCfg = Debug|Win32
		{AF6CAA8F-29BE-4ABB-AF3A-400D4E8B48A1}.Debug|x86.Build.0 = Debug|Win32
		{AF6CAA8F-29BE-4ABB-AF3A-400D4E8B48A1}.Release|x64.ActiveCfg = Release|x64
		{AF6CAA8F-29BE-4ABB-AF3A-400D4E8B48A1}.Release|x64.Build.0 = Release|x64
		{AF6CAA8F-29BE-4ABB-AF3A-400D4E8B48A1}.Release|x86.ActiveCfg = Release|Win32
		{AF6CAA8F-29BE-4ABB-AF3A-400D4E8B48A1}.Release|x86.Build.0 = Release|Win32
		{6A7EA223-DD6B-4E28-A426-1E5934FE8B15}.Debug|x64.ActiveCfg = Debug|x64
		{6A7EA223-DD6B-4E28-A426-1E5934FE8B15}.Debug|x64.Build.0 = Debug|x64
		{6A7EA223-DD6B-4E28-A426-1E5934FE8B15}.Debug|x86.ActiveCfg = Debug|Win32
		{6A7EA223-DD6B-4E28-A426-1E5934FE8B15}.Debug|x86.Build.0 = Debug|Win32
		{6A7EA223-DD6B-4E28-A426-1E5934FE8B15}.Release|x64.ActiveCfg = Release|x64
		{6A7EA223-DD6B-4E28-A426-1E5934FE8B15}.Release|x64.Build.0 = Release|x64
		{6A7EA223-DD6B-4E28-A426-1E5934FE8B15}.Release|x86.ActiveCfg = Release|Win32
		{6A7EA223-DD6B-4E28-A426-1E5934FE8B15}.Release|x86.Build.0 = Release|Win32
		{3157D66E-3517-4535-BEFB-EFE5535137FB}.Debug|x64.ActiveCfg = Debug|x64
		{3157D66E-3517-4535-BEFB-EFE5535137FB}.Debug|x64.Build.0 = Debug|x64
		{3157D66E-3517-4535-BEFB-EFE5535137FB}.Debug|x86.ActiveCfg = Debug|Win32
		{3157D66E-3517-4535-BEFB-EFE5535137FB}.Debug|x86.Build.0 = Debug|Win32
		{3157D66E-3517-4535-BEFB-EFE5535137FB}.Release|x64.ActiveCfg = Release|x64
		{3157D66E-3517-4535-BEFB-EFE5535137FB}.Release|x64.Build.0 = Release|x64
		{3157D66E-3517-4535-BEFB-EFE5535137FB}.Release|x86.ActiveCfg = Release|Win32
		{3157D66E-3517-4535-BEFB-EFE5535137FB}.Release|x86.Build.0 = Release|Win32
	EndGlobalSection
	GlobalSection(SolutionProperties) = preSolution
		HideSolutionNode = FALSE
	EndGlobalSection
EndGlobal
